
Microsoft Visual Studio Solution File, Format Version 12.00
# Visual Studio Version 16
VisualStudioVersion = 16.0.30104.148
MinimumVisualStudioVersion = 10.0.40219.1
Project("{FAE04EC0-301F-11D3-BF4B-00C04F79EFBC}") = "ProjectOrbit.Android", "ProjectOrbit\ProjectOrbit.Android\ProjectOrbit.Android.csproj", "{488C7E19-2609-4E0A-9145-526C5F249157}"
EndProject
Project("{FAE04EC0-301F-11D3-BF4B-00C04F79EFBC}") = "ProjectOrbit.iOS", "ProjectOrbit\ProjectOrbit.iOS\ProjectOrbit.iOS.csproj", "{03FE1A4D-6C5E-4C17-BFF2-3B8B12642736}"
EndProject
Project("{FAE04EC0-301F-11D3-BF4B-00C04F79EFBC}") = "ProjectOrbit", "ProjectOrbit\ProjectOrbit\ProjectOrbit.csproj", "{BE36FAE3-DEDA-4635-ACF3-098B4B2AE166}"
EndProject
Global
	GlobalSection(SolutionConfigurationPlatforms) = preSolution
		Debug|Any CPU = Debug|Any CPU
		Debug|iPhone = Debug|iPhone
		Debug|iPhoneSimulator = Debug|iPhoneSimulator
		Release|Any CPU = Release|Any CPU
		Release|iPhone = Release|iPhone
		Release|iPhoneSimulator = Release|iPhoneSimulator
	EndGlobalSection
	GlobalSection(ProjectConfigurationPlatforms) = postSolution
		{488C7E19-2609-4E0A-9145-526C5F249157}.Debug|Any CPU.ActiveCfg = Debug|Any CPU
		{488C7E19-2609-4E0A-9145-526C5F249157}.Debug|Any CPU.Build.0 = Debug|Any CPU
		{488C7E19-2609-4E0A-9145-526C5F249157}.Debug|Any CPU.Deploy.0 = Debug|Any CPU
		{488C7E19-2609-4E0A-9145-526C5F249157}.Debug|iPhone.ActiveCfg = Debug|Any CPU
		{488C7E19-2609-4E0A-9145-526C5F249157}.Debug|iPhone.Build.0 = Debug|Any CPU
		{488C7E19-2609-4E0A-9145-526C5F249157}.Debug|iPhone.Deploy.0 = Debug|Any CPU
		{488C7E19-2609-4E0A-9145-526C5F249157}.Debug|iPhoneSimulator.ActiveCfg = Debug|Any CPU
		{488C7E19-2609-4E0A-9145-526C5F249157}.Debug|iPhoneSimulator.Build.0 = Debug|Any CPU
		{488C7E19-2609-4E0A-9145-526C5F249157}.Debug|iPhoneSimulator.Deploy.0 = Debug|Any CPU
		{488C7E19-2609-4E0A-9145-526C5F249157}.Release|Any CPU.ActiveCfg = Release|Any CPU
		{488C7E19-2609-4E0A-9145-526C5F249157}.Release|Any CPU.Build.0 = Release|Any CPU
		{488C7E19-2609-4E0A-9145-526C5F249157}.Release|Any CPU.Deploy.0 = Release|Any CPU
		{488C7E19-2609-4E0A-9145-526C5F249157}.Release|iPhone.ActiveCfg = Release|Any CPU
		{488C7E19-2609-4E0A-9145-526C5F249157}.Release|iPhone.Build.0 = Release|Any CPU
		{488C7E19-2609-4E0A-9145-526C5F249157}.Release|iPhone.Deploy.0 = Release|Any CPU
		{488C7E19-2609-4E0A-9145-526C5F249157}.Release|iPhoneSimulator.ActiveCfg = Release|Any CPU
		{488C7E19-2609-4E0A-9145-526C5F249157}.Release|iPhoneSimulator.Build.0 = Release|Any CPU
		{488C7E19-2609-4E0A-9145-526C5F249157}.Release|iPhoneSimulator.Deploy.0 = Release|Any CPU
		{03FE1A4D-6C5E-4C17-BFF2-3B8B12642736}.Debug|Any CPU.ActiveCfg = Debug|iPhone
		{03FE1A4D-6C5E-4C17-BFF2-3B8B12642736}.Debug|Any CPU.Build.0 = Debug|iPhone
		{03FE1A4D-6C5E-4C17-BFF2-3B8B12642736}.Debug|Any CPU.Deploy.0 = Debug|iPhone
		{03FE1A4D-6C5E-4C17-BFF2-3B8B12642736}.Debug|iPhone.ActiveCfg = Debug|iPhone
		{03FE1A4D-6C5E-4C17-BFF2-3B8B12642736}.Debug|iPhone.Build.0 = Debug|iPhone
		{03FE1A4D-6C5E-4C17-BFF2-3B8B12642736}.Debug|iPhone.Deploy.0 = Debug|iPhone
		{03FE1A4D-6C5E-4C17-BFF2-3B8B12642736}.Debug|iPhoneSimulator.ActiveCfg = Debug|iPhoneSimulator
		{03FE1A4D-6C5E-4C17-BFF2-3B8B12642736}.Debug|iPhoneSimulator.Build.0 = Debug|iPhoneSimulator
		{03FE1A4D-6C5E-4C17-BFF2-3B8B12642736}.Debug|iPhoneSimulator.Deploy.0 = Debug|iPhoneSimulator
		{03FE1A4D-6C5E-4C17-BFF2-3B8B12642736}.Release|Any CPU.ActiveCfg = Release|iPhone
		{03FE1A4D-6C5E-4C17-BFF2-3B8B12642736}.Release|Any CPU.Build.0 = Release|iPhone
		{03FE1A4D-6C5E-4C17-BFF2-3B8B12642736}.Release|Any CPU.Deploy.0 = Release|iPhone
		{03FE1A4D-6C5E-4C17-BFF2-3B8B12642736}.Release|iPhone.ActiveCfg = Release|iPhone
		{03FE1A4D-6C5E-4C17-BFF2-3B8B12642736}.Release|iPhone.Build.0 = Release|iPhone
		{03FE1A4D-6C5E-4C17-BFF2-3B8B12642736}.Release|iPhone.Deploy.0 = Release|iPhone
		{03FE1A4D-6C5E-4C17-BFF2-3B8B12642736}.Release|iPhoneSimulator.ActiveCfg = Release|iPhoneSimulator
		{03FE1A4D-6C5E-4C17-BFF2-3B8B12642736}.Release|iPhoneSimulator.Build.0 = Release|iPhoneSimulator
		{03FE1A4D-6C5E-4C17-BFF2-3B8B12642736}.Release|iPhoneSimulator.Deploy.0 = Release|iPhoneSimulator
		{BE36FAE3-DEDA-4635-ACF3-098B4B2AE166}.Debug|Any CPU.ActiveCfg = Debug|Any CPU
		{BE36FAE3-DEDA-4635-ACF3-098B4B2AE166}.Debug|Any CPU.Build.0 = Debug|Any CPU
		{BE36FAE3-DEDA-4635-ACF3-098B4B2AE166}.Debug|Any CPU.Deploy.0 = Debug|Any CPU
		{BE36FAE3-DEDA-4635-ACF3-098B4B2AE166}.Debug|iPhone.ActiveCfg = Debug|Any CPU
		{BE36FAE3-DEDA-4635-ACF3-098B4B2AE166}.Debug|iPhone.Build.0 = Debug|Any CPU
		{BE36FAE3-DEDA-4635-ACF3-098B4B2AE166}.Debug|iPhone.Deploy.0 = Debug|Any CPU
		{BE36FAE3-DEDA-4635-ACF3-098B4B2AE166}.Debug|iPhoneSimulator.ActiveCfg = Debug|Any CPU
		{BE36FAE3-DEDA-4635-ACF3-098B4B2AE166}.Debug|iPhoneSimulator.Build.0 = Debug|Any CPU
		{BE36FAE3-DEDA-4635-ACF3-098B4B2AE166}.Debug|iPhoneSimulator.Deploy.0 = Debug|Any CPU
		{BE36FAE3-DEDA-4635-ACF3-098B4B2AE166}.Release|Any CPU.ActiveCfg = Release|Any CPU
		{BE36FAE3-DEDA-4635-ACF3-098B4B2AE166}.Release|Any CPU.Build.0 = Release|Any CPU
		{BE36FAE3-DEDA-4635-ACF3-098B4B2AE166}.Release|Any CPU.Deploy.0 = Release|Any CPU
		{BE36FAE3-DEDA-4635-ACF3-098B4B2AE166}.Release|iPhone.ActiveCfg = Release|Any CPU
		{BE36FAE3-DEDA-4635-ACF3-098B4B2AE166}.Release|iPhone.Build.0 = Release|Any CPU
		{BE36FAE3-DEDA-4635-ACF3-098B4B2AE166}.Release|iPhone.Deploy.0 = Release|Any CPU
		{BE36FAE3-DEDA-4635-ACF3-098B4B2AE166}.Release|iPhoneSimulator.ActiveCfg = Release|Any CPU
		{BE36FAE3-DEDA-4635-ACF3-098B4B2AE166}.Release|iPhoneSimulator.Build.0 = Release|Any CPU
		{BE36FAE3-DEDA-4635-ACF3-098B4B2AE166}.Release|iPhoneSimulator.Deploy.0 = Release|Any CPU
	EndGlobalSection
	GlobalSection(SolutionProperties) = preSolution
		HideSolutionNode = FALSE
	EndGlobalSection
	GlobalSection(ExtensibilityGlobals) = postSolution
		SolutionGuid = {8821F55E-FAC2-4519-AE04-C45C3CF47B61}
	EndGlobalSection
EndGlobal
